
Microsoft Visual Studio Solution File, Format Version 12.00
# Visual Studio Version 17
VisualStudioVersion = 17.6.33815.320
MinimumVisualStudioVersion = 10.0.40219.1
Project("{FAE04EC0-301F-11D3-BF4B-00C04F79EFBC}") = "TestCasePHEV2", "TestCasePHEV2\TestCasePHEV2.csproj", "{F68FFA08-438A-4127-A984-B166359BDEE1}"
EndProject
Global
	GlobalSection(SolutionConfigurationPlatforms) = preSolution
		Debug|Any CPU = Debug|Any CPU
		Release|Any CPU = Release|Any CPU
	EndGlobalSection
	GlobalSection(ProjectConfigurationPlatforms) = postSolution
		{F68FFA08-438A-4127-A984-B166359BDEE1}.Debug|Any CPU.ActiveCfg = Debug|Any CPU
		{F68FFA08-438A-4127-A984-B166359BDEE1}.Debug|Any CPU.Build.0 = Debug|Any CPU
		{F68FFA08-438A-4127-A984-B166359BDEE1}.Release|Any CPU.ActiveCfg = Release|Any CPU
		{F68FFA08-438A-4127-A984-B166359BDEE1}.Release|Any CPU.Build.0 = Release|Any CPU
	EndGlobalSection
	GlobalSection(SolutionProperties) = preSolution
		HideSolutionNode = FALSE
	EndGlobalSection
	GlobalSection(ExtensibilityGlobals) = postSolution
		SolutionGuid = {E393D83D-BF00-47FB-BF96-08CD06AA62CF}
	EndGlobalSection
EndGlobal
